
Microsoft Visual Studio Solution File, Format Version 12.00
# Visual Studio Version 16
VisualStudioVersion = 16.0.29728.190
MinimumVisualStudioVersion = 10.0.40219.1
Project("{FAE04EC0-301F-11D3-BF4B-00C04F79EFBC}") = "MasterOfParts", "MasterOfParts.csproj", "{B67F93AF-518B-488A-A082-D2CD75DA573E}"
EndProject
Global
	GlobalSection(SolutionConfigurationPlatforms) = preSolution
		Debug|Any CPU = Debug|Any CPU
		Release|Any CPU = Release|Any CPU
	EndGlobalSection
	GlobalSection(ProjectConfigurationPlatforms) = postSolution
		{B67F93AF-518B-488A-A082-D2CD75DA573E}.Debug|Any CPU.ActiveCfg = Debug|Any CPU
		{B67F93AF-518B-488A-A082-D2CD75DA573E}.Debug|Any CPU.Build.0 = Debug|Any CPU
		{B67F93AF-518B-488A-A082-D2CD75DA573E}.Release|Any CPU.ActiveCfg = Release|Any CPU
		{B67F93AF-518B-488A-A082-D2CD75DA573E}.Release|Any CPU.Build.0 = Release|Any CPU
	EndGlobalSection
	GlobalSection(SolutionProperties) = preSolution
		HideSolutionNode = FALSE
	EndGlobalSection
	GlobalSection(ExtensibilityGlobals) = postSolution
		SolutionGuid = {1ED79485-071C-45A1-BAEA-B5FD66CFA782}
	EndGlobalSection
EndGlobal
